{
  "pins" : [
    {
      "identity" : "jaydencodegenerator",
      "kind" : "remoteSourceControl",
      "location" : "https://github.com/JaydenIrwin/JaydenCodeGenerator",
      "state" : {
        "branch" : "main",
        "revision" : "f83b4099f6141090ab81ae42a09b6a52aa03cde9"
      }
    },
    {
      "identity" : "spritepencilkit",
      "kind" : "remoteSourceControl",
      "location" : "https://github.com/JaydenIrwin/SpritePencilKit.git",
      "state" : {
        "revision" : "bb915d71d4d85ea3f8b6246c675821605182c935",
        "version" : "1.15.3"
      }
    },
    {
      "identity" : "welcomekit",
      "kind" : "remoteSourceControl",
      "location" : "https://github.com/JaydenIrwin/WelcomeKit.git",
      "state" : {
        "revision" : "6d699f12ef3c119582519e76465671593a4d6bbd",
        "version" : "1.6.3"
      }
    }
  ],
  "version" : 2
}
