{
  "originHash" : "df6290e3ebc293a2c0b0232287f65cf2a56b7a28c0761901328960315ccbe274",
  "pins" : [
    {
      "identity" : "spritepencilkit",
      "kind" : "remoteSourceControl",
      "location" : "https://github.com/256Arts/SpritePencilKit",
      "state" : {
        "revision" : "fdde6bad514c716719b320f6cda6667592d3191e",
        "version" : "1.6.0"
      }
    }
  ],
  "version" : 3
}
